
Microsoft Visual Studio Solution File, Format Version 12.00
# Visual Studio Version 16
VisualStudioVersion = 16.0.31410.357
MinimumVisualStudioVersion = 10.0.40219.1
Project("{FAE04EC0-301F-11D3-BF4B-00C04F79EFBC}") = "AppConsole", "AppConsole.csproj", "{9B16840B-6D2E-47A3-87E2-F3A3826B435F}"
EndProject
Global
	GlobalSection(SolutionConfigurationPlatforms) = preSolution
		Debug|Any CPU = Debug|Any CPU
		Release|Any CPU = Release|Any CPU
	EndGlobalSection
	GlobalSection(ProjectConfigurationPlatforms) = postSolution
		{9B16840B-6D2E-47A3-87E2-F3A3826B435F}.Debug|Any CPU.ActiveCfg = Debug|Any CPU
		{9B16840B-6D2E-47A3-87E2-F3A3826B435F}.Debug|Any CPU.Build.0 = Debug|Any CPU
		{9B16840B-6D2E-47A3-87E2-F3A3826B435F}.Release|Any CPU.ActiveCfg = Release|Any CPU
		{9B16840B-6D2E-47A3-87E2-F3A3826B435F}.Release|Any CPU.Build.0 = Release|Any CPU
	EndGlobalSection
	GlobalSection(SolutionProperties) = preSolution
		HideSolutionNode = FALSE
	EndGlobalSection
	GlobalSection(ExtensibilityGlobals) = postSolution
		SolutionGuid = {8246CC62-6455-46DE-A538-2A9482F0CA0B}
	EndGlobalSection
EndGlobal
